
Microsoft Visual Studio Solution File, Format Version 12.00
# Visual Studio Version 16
VisualStudioVersion = 16.0.31624.102
MinimumVisualStudioVersion = 10.0.40219.1
Project("{8BC9CEB8-8B4A-11D0-8D11-00A0C91BC942}") = "КокуринДаниилМихайлович64", "КокуринДаниилМихайлович64\КокуринДаниилМихайлович64.vcxproj", "{FFED6BBC-9A05-4C2A-A6B8-4BEBBBFD6255}"
EndProject
Global
	GlobalSection(SolutionConfigurationPlatforms) = preSolution
		Debug|x64 = Debug|x64
		Debug|x86 = Debug|x86
		Release|x64 = Release|x64
		Release|x86 = Release|x86
	EndGlobalSection
	GlobalSection(ProjectConfigurationPlatforms) = postSolution
		{FFED6BBC-9A05-4C2A-A6B8-4BEBBBFD6255}.Debug|x64.ActiveCfg = Debug|x64
		{FFED6BBC-9A05-4C2A-A6B8-4BEBBBFD6255}.Debug|x64.Build.0 = Debug|x64
		{FFED6BBC-9A05-4C2A-A6B8-4BEBBBFD6255}.Debug|x86.ActiveCfg = Debug|Win32
		{FFED6BBC-9A05-4C2A-A6B8-4BEBBBFD6255}.Debug|x86.Build.0 = Debug|Win32
		{FFED6BBC-9A05-4C2A-A6B8-4BEBBBFD6255}.Release|x64.ActiveCfg = Release|x64
		{FFED6BBC-9A05-4C2A-A6B8-4BEBBBFD6255}.Release|x64.Build.0 = Release|x64
		{FFED6BBC-9A05-4C2A-A6B8-4BEBBBFD6255}.Release|x86.ActiveCfg = Release|Win32
		{FFED6BBC-9A05-4C2A-A6B8-4BEBBBFD6255}.Release|x86.Build.0 = Release|Win32
	EndGlobalSection
	GlobalSection(SolutionProperties) = preSolution
		HideSolutionNode = FALSE
	EndGlobalSection
	GlobalSection(ExtensibilityGlobals) = postSolution
		SolutionGuid = {F80E0686-3CE2-4919-B0A9-99373A3EBCA4}
	EndGlobalSection
EndGlobal
